// !$*UTF8*$!
{
	archiveVersion = 1;
	classes = {
	};
	objectVersion = 46;
	objects = {

/* Begin PBXBuildFile section */
		DAB07A751E52D8DC00010BA4 /* AppDelegate.swift in Sources */ = {isa = PBXBuildFile; fileRef = DAB07A741E52D8DC00010BA4 /* AppDelegate.swift */; };
		DAB07A771E52D8DC00010BA4 /* ViewController.swift in Sources */ = {isa = PBXBuildFile; fileRef = DAB07A761E52D8DC00010BA4 /* ViewController.swift */; };
		DAB07A7A1E52D8DC00010BA4 /* Main.storyboard in Resources */ = {isa = PBXBuildFile; fileRef = DAB07A781E52D8DC00010BA4 /* Main.storyboard */; };
		DAB07A7C1E52D8DC00010BA4 /* Assets.xcassets in Resources */ = {isa = PBXBuildFile; fileRef = DAB07A7B1E52D8DC00010BA4 /* Assets.xcassets */; };
		DAB07A7F1E52D8DC00010BA4 /* LaunchScreen.storyboard in Resources */ = {isa = PBXBuildFile; fileRef = DAB07A7D1E52D8DC00010BA4 /* LaunchScreen.storyboard */; };
		DAB07A871E52D90200010BA4 /* ZZIconFont.ttf in Resources */ = {isa = PBXBuildFile; fileRef = DAB07A861E52D90200010BA4 /* ZZIconFont.ttf */; };
		DAB07A8B1E52DBFA00010BA4 /* IconFont.swift in Sources */ = {isa = PBXBuildFile; fileRef = DAB07A8A1E52DBFA00010BA4 /* IconFont.swift */; };
		DAB07A8D1E52E06800010BA4 /* IconFontSwift.swift in Sources */ = {isa = PBXBuildFile; fileRef = DAB07A8C1E52E06800010BA4 /* IconFontSwift.swift */; };
		DAB07A8F1E52FB5D00010BA4 /* MyFont.swift in Sources */ = {isa = PBXBuildFile; fileRef = DAB07A8E1E52FB5D00010BA4 /* MyFont.swift */; };
/* End PBXBuildFile section */

/* Begin PBXFileReference section */
		DAB07A711E52D8DC00010BA4 /* IconFontSwift.app */ = {isa = PBXFileReference; explicitFileType = wrapper.application; includeInIndex = 0; path = IconFontSwift.app; sourceTree = BUILT_PRODUCTS_DIR; };
		DAB07A741E52D8DC00010BA4 /* AppDelegate.swift */ = {isa = PBXFileReference; lastKnownFileType = sourcecode.swift; path = AppDelegate.swift; sourceTree = "<group>"; };
		DAB07A761E52D8DC00010BA4 /* ViewController.swift */ = {isa = PBXFileReference; lastKnownFileType = sourcecode.swift; path = ViewController.swift; sourceTree = "<group>"; };
		DAB07A791E52D8DC00010BA4 /* Base */ = {isa = PBXFileReference; lastKnownFileType = file.storyboard; name = Base; path = Base.lproj/Main.storyboard; sourceTree = "<group>"; };
		DAB07A7B1E52D8DC00010BA4 /* Assets.xcassets */ = {isa = PBXFileReference; lastKnownFileType = folder.assetcatalog; path = Assets.xcassets; sourceTree = "<group>"; };
		DAB07A7E1E52D8DC00010BA4 /* Base */ = {isa = PBXFileReference; lastKnownFileType = file.storyboard; name = Base; path = Base.lproj/LaunchScreen.storyboard; sourceTree = "<group>"; };
		DAB07A801E52D8DC00010BA4 /* Info.plist */ = {isa = PBXFileReference; lastKnownFileType = text.plist.xml; path = Info.plist; sourceTree = "<group>"; };
		DAB07A861E52D90200010BA4 /* ZZIconFont.ttf */ = {isa = PBXFileReference; lastKnownFileType = file; path = ZZIconFont.ttf; sourceTree = "<group>"; };
		DAB07A8A1E52DBFA00010BA4 /* IconFont.swift */ = {isa = PBXFileReference; fileEncoding = 4; lastKnownFileType = sourcecode.swift; path = IconFont.swift; sourceTree = "<group>"; };
		DAB07A8C1E52E06800010BA4 /* IconFontSwift.swift */ = {isa = PBXFileReference; fileEncoding = 4; lastKnownFileType = sourcecode.swift; path = IconFontSwift.swift; sourceTree = "<group>"; };
		DAB07A8E1E52FB5D00010BA4 /* MyFont.swift */ = {isa = PBXFileReference; fileEncoding = 4; lastKnownFileType = sourcecode.swift; path = MyFont.swift; sourceTree = "<group>"; };
/* End PBXFileReference section */

/* Begin PBXFrameworksBuildPhase section */
		DAB07A6E1E52D8DC00010BA4 /* Frameworks */ = {
			isa = PBXFrameworksBuildPhase;
			buildActionMask = 2147483647;
			files = (
			);
			runOnlyForDeploymentPostprocessing = 0;
		};
/* End PBXFrameworksBuildPhase section */

/* Begin PBXGroup section */
		DAB07A681E52D8DB00010BA4 = {
			isa = PBXGroup;
			children = (
				DAB07A731E52D8DC00010BA4 /* IconFontSwift */,
				DAB07A721E52D8DC00010BA4 /* Products */,
			);
			sourceTree = "<group>";
		};
		DAB07A721E52D8DC00010BA4 /* Products */ = {
			isa = PBXGroup;
			children = (
				DAB07A711E52D8DC00010BA4 /* IconFontSwift.app */,
			);
			name = Products;
			sourceTree = "<group>";
		};
		DAB07A731E52D8DC00010BA4 /* IconFontSwift */ = {
			isa = PBXGroup;
			children = (
				DAB07A881E52DADB00010BA4 /* Source */,
				DAB07A861E52D90200010BA4 /* ZZIconFont.ttf */,
				DAB07A741E52D8DC00010BA4 /* AppDelegate.swift */,
				DAB07A761E52D8DC00010BA4 /* ViewController.swift */,
				DAB07A781E52D8DC00010BA4 /* Main.storyboard */,
				DAB07A8E1E52FB5D00010BA4 /* MyFont.swift */,
				DAB07A7B1E52D8DC00010BA4 /* Assets.xcassets */,
				DAB07A7D1E52D8DC00010BA4 /* LaunchScreen.storyboard */,
				DAB07A801E52D8DC00010BA4 /* Info.plist */,
			);
			path = IconFontSwift;
			sourceTree = "<group>";
		};
		DAB07A881E52DADB00010BA4 /* Source */ = {
			isa = PBXGroup;
			children = (
				DAB07A8C1E52E06800010BA4 /* IconFontSwift.swift */,
				DAB07A8A1E52DBFA00010BA4 /* IconFont.swift */,
			);
			path = Source;
			sourceTree = "<group>";
		};
/* End PBXGroup section */

/* Begin PBXNativeTarget section */
		DAB07A701E52D8DC00010BA4 /* IconFontSwift */ = {
			isa = PBXNativeTarget;
			buildConfigurationList = DAB07A831E52D8DC00010BA4 /* Build configuration list for PBXNativeTarget "IconFontSwift" */;
			buildPhases = (
				DAB07A6D1E52D8DC00010BA4 /* Sources */,
				DAB07A6E1E52D8DC00010BA4 /* Frameworks */,
				DAB07A6F1E52D8DC00010BA4 /* Resources */,
			);
			buildRules = (
			);
			dependencies = (
			);
			name = IconFontSwift;
			productName = IconFontSwift;
			productReference = DAB07A711E52D8DC00010BA4 /* IconFontSwift.app */;
			productType = "com.apple.product-type.application";
		};
/* End PBXNativeTarget section */

/* Begin PBXProject section */
		DAB07A691E52D8DB00010BA4 /* Project object */ = {
			isa = PBXProject;
			attributes = {
				LastSwiftUpdateCheck = 0820;
				LastUpgradeCheck = 0820;
				ORGANIZATIONNAME = zero;
				TargetAttributes = {
					DAB07A701E52D8DC00010BA4 = {
						CreatedOnToolsVersion = 8.2.1;
						DevelopmentTeam = 6N947FP7VQ;
						ProvisioningStyle = Automatic;
					};
				};
			};
			buildConfigurationList = DAB07A6C1E52D8DB00010BA4 /* Build configuration list for PBXProject "IconFontSwift" */;
			compatibilityVersion = "Xcode 3.2";
			developmentRegion = English;
			hasScannedForEncodings = 0;
			knownRegions = (
				en,
				Base,
			);
			mainGroup = DAB07A681E52D8DB00010BA4;
			productRefGroup = DAB07A721E52D8DC00010BA4 /* Products */;
			projectDirPath = "";
			projectRoot = "";
			targets = (
				DAB07A701E52D8DC00010BA4 /* IconFontSwift */,
			);
		};
/* End PBXProject section */

/* Begin PBXResourcesBuildPhase section */
		DAB07A6F1E52D8DC00010BA4 /* Resources */ = {
			isa = PBXResourcesBuildPhase;
			buildActionMask = 2147483647;
			files = (
				DAB07A7F1E52D8DC00010BA4 /* LaunchScreen.storyboard in Resources */,
				DAB07A7C1E52D8DC00010BA4 /* Assets.xcassets in Resources */,
				DAB07A871E52D90200010BA4 /* ZZIconFont.ttf in Resources */,
				DAB07A7A1E52D8DC00010BA4 /* Main.storyboard in Resources */,
			);
			runOnlyForDeploymentPostprocessing = 0;
		};
/* End PBXResourcesBuildPhase section */

/* Begin PBXSourcesBuildPhase section */
		DAB07A6D1E52D8DC00010BA4 /* Sources */ = {
			isa = PBXSourcesBuildPhase;
			buildActionMask = 2147483647;
			files = (
				DAB07A8F1E52FB5D00010BA4 /* MyFont.swift in Sources */,
				DAB07A771E52D8DC00010BA4 /* ViewController.swift in Sources */,
				DAB07A8B1E52DBFA00010BA4 /* IconFont.swift in Sources */,
				DAB07A751E52D8DC00010BA4 /* AppDelegate.swift in Sources */,
				DAB07A8D1E52E06800010BA4 /* IconFontSwift.swift in Sources */,
			);
			runOnlyForDeploymentPostprocessing = 0;
		};
/* End PBXSourcesBuildPhase section */

/* Begin PBXVariantGroup section */
		DAB07A781E52D8DC00010BA4 /* Main.storyboard */ = {
			isa = PBXVariantGroup;
			children = (
				DAB07A791E52D8DC00010BA4 /* Base */,
			);
			name = Main.storyboard;
			sourceTree = "<group>";
		};
		DAB07A7D1E52D8DC00010BA4 /* LaunchScreen.storyboard */ = {
			isa = PBXVariantGroup;
			children = (
				DAB07A7E1E52D8DC00010BA4 /* Base */,
			);
			name = LaunchScreen.storyboard;
			sourceTree = "<group>";
		};
/* End PBXVariantGroup section */

/* Begin XCBuildConfiguration section */
		DAB07A811E52D8DC00010BA4 /* Debug */ = {
			isa = XCBuildConfiguration;
			buildSettings = {
				ALWAYS_SEARCH_USER_PATHS = NO;
				CLANG_ANALYZER_NONNULL = YES;
				CLANG_CXX_LANGUAGE_STANDARD = "gnu++0x";
				CLANG_CXX_LIBRARY = "libc++";
				CLANG_ENABLE_MODULES = YES;
				CLANG_ENABLE_OBJC_ARC = YES;
				CLANG_WARN_BOOL_CONVERSION = YES;
				CLANG_WARN_CONSTANT_CONVERSION = YES;
				CLANG_WARN_DIRECT_OBJC_ISA_USAGE = YES_ERROR;
				CLANG_WARN_DOCUMENTATION_COMMENTS = YES;
				CLANG_WARN_EMPTY_BODY = YES;
				CLANG_WARN_ENUM_CONVERSION = YES;
				CLANG_WARN_INFINITE_RECURSION = YES;
				CLANG_WARN_INT_CONVERSION = YES;
				CLANG_WARN_OBJC_ROOT_CLASS = YES_ERROR;
				CLANG_WARN_SUSPICIOUS_MOVE = YES;
				CLANG_WARN_UNREACHABLE_CODE = YES;
				CLANG_WARN__DUPLICATE_METHOD_MATCH = YES;
				"CODE_SIGN_IDENTITY[sdk=iphoneos*]" = "iPhone Developer";
				COPY_PHASE_STRIP = NO;
				DEBUG_INFORMATION_FORMAT = dwarf;
				ENABLE_STRICT_OBJC_MSGSEND = YES;
				ENABLE_TESTABILITY = YES;
				GCC_C_LANGUAGE_STANDARD = gnu99;
				GCC_DYNAMIC_NO_PIC = NO;
				GCC_NO_COMMON_BLOCKS = YES;
				GCC_OPTIMIZATION_LEVEL = 0;
				GCC_PREPROCESSOR_DEFINITIONS = (
					"DEBUG=1",
					"$(inherited)",
				);
				GCC_WARN_64_TO_32_BIT_CONVERSION = YES;
				GCC_WARN_ABOUT_RETURN_TYPE = YES_ERROR;
				GCC_WARN_UNDECLARED_SELECTOR = YES;
				GCC_WARN_UNINITIALIZED_AUTOS = YES_AGGRESSIVE;
				GCC_WARN_UNUSED_FUNCTION = YES;
				GCC_WARN_UNUSED_VARIABLE = YES;
				IPHONEOS_DEPLOYMENT_TARGET = 10.2;
				MTL_ENABLE_DEBUG_INFO = YES;
				ONLY_ACTIVE_ARCH = YES;
				SDKROOT = iphoneos;
				SWIFT_ACTIVE_COMPILATION_CONDITIONS = DEBUG;
				SWIFT_OPTIMIZATION_LEVEL = "-Onone";
			};
			name = Debug;
		};
		DAB07A821E52D8DC00010BA4 /* Release */ = {
			isa = XCBuildConfiguration;
			buildSettings = {
				ALWAYS_SEARCH_USER_PATHS = NO;
				CLANG_ANALYZER_NONNULL = YES;
				CLANG_CXX_LANGUAGE_STANDARD = "gnu++0x";
				CLANG_CXX_LIBRARY = "libc++";
				CLANG_ENABLE_MODULES = YES;
				CLANG_ENABLE_OBJC_ARC = YES;
				CLANG_WARN_BOOL_CONVERSION = YES;
				CLANG_WARN_CONSTANT_CONVERSION = YES;
				CLANG_WARN_DIRECT_OBJC_ISA_USAGE = YES_ERROR;
				CLANG_WARN_DOCUMENTATION_COMMENTS = YES;
				CLANG_WARN_EMPTY_BODY = YES;
				CLANG_WARN_ENUM_CONVERSION = YES;
				CLANG_WARN_INFINITE_RECURSION = YES;
				CLANG_WARN_INT_CONVERSION = YES;
				CLANG_WARN_OBJC_ROOT_CLASS = YES_ERROR;
				CLANG_WARN_SUSPICIOUS_MOVE = YES;
				CLANG_WARN_UNREACHABLE_CODE = YES;
				CLANG_WARN__DUPLICATE_METHOD_MATCH = YES;
				"CODE_SIGN_IDENTITY[sdk=iphoneos*]" = "iPhone Developer";
				COPY_PHASE_STRIP = NO;
				DEBUG_INFORMATION_FORMAT = "dwarf-with-dsym";
				ENABLE_NS_ASSERTIONS = NO;
				ENABLE_STRICT_OBJC_MSGSEND = YES;
				GCC_C_LANGUAGE_STANDARD = gnu99;
				GCC_NO_COMMON_BLOCKS = YES;
				GCC_WARN_64_TO_32_BIT_CONVERSION = YES;
				GCC_WARN_ABOUT_RETURN_TYPE = YES_ERROR;
				GCC_WARN_UNDECLARED_SELECTOR = YES;
				GCC_WARN_UNINITIALIZED_AUTOS = YES_AGGRESSIVE;
				GCC_WARN_UNUSED_FUNCTION = YES;
				GCC_WARN_UNUSED_VARIABLE = YES;
				IPHONEOS_DEPLOYMENT_TARGET = 10.2;
				MTL_ENABLE_DEBUG_INFO = NO;
				SDKROOT = iphoneos;
				SWIFT_OPTIMIZATION_LEVEL = "-Owholemodule";
				VALIDATE_PRODUCT = YES;
			};
			name = Release;
		};
		DAB07A841E52D8DC00010BA4 /* Debug */ = {
			isa = XCBuildConfiguration;
			buildSettings = {
				ASSETCATALOG_COMPILER_APPICON_NAME = AppIcon;
				DEVELOPMENT_TEAM = 6N947FP7VQ;
				INFOPLIST_FILE = IconFontSwift/Info.plist;
				LD_RUNPATH_SEARCH_PATHS = "$(inherited) @executable_path/Frameworks";
				PRODUCT_BUNDLE_IDENTIFIER = com.oralCare.IconFontSwift;
				PRODUCT_NAME = "$(TARGET_NAME)";
				SWIFT_VERSION = 3.0;
			};
			name = Debug;
		};
		DAB07A851E52D8DC00010BA4 /* Release */ = {
			isa = XCBuildConfiguration;
			buildSettings = {
				ASSETCATALOG_COMPILER_APPICON_NAME = AppIcon;
				DEVELOPMENT_TEAM = 6N947FP7VQ;
				INFOPLIST_FILE = IconFontSwift/Info.plist;
				LD_RUNPATH_SEARCH_PATHS = "$(inherited) @executable_path/Frameworks";
				PRODUCT_BUNDLE_IDENTIFIER = com.oralCare.IconFontSwift;
				PRODUCT_NAME = "$(TARGET_NAME)";
				SWIFT_VERSION = 3.0;
			};
			name = Release;
		};
/* End XCBuildConfiguration section */

/* Begin XCConfigurationList section */
		DAB07A6C1E52D8DB00010BA4 /* Build configuration list for PBXProject "IconFontSwift" */ = {
			isa = XCConfigurationList;
			buildConfigurations = (
				DAB07A811E52D8DC00010BA4 /* Debug */,
				DAB07A821E52D8DC00010BA4 /* Release */,
			);
			defaultConfigurationIsVisible = 0;
			defaultConfigurationName = Release;
		};
		DAB07A831E52D8DC00010BA4 /* Build configuration list for PBXNativeTarget "IconFontSwift" */ = {
			isa = XCConfigurationList;
			buildConfigurations = (
				DAB07A841E52D8DC00010BA4 /* Debug */,
				DAB07A851E52D8DC00010BA4 /* Release */,
			);
			defaultConfigurationIsVisible = 0;
		};
/* End XCConfigurationList section */
	};
	rootObject = DAB07A691E52D8DB00010BA4 /* Project object */;
}
